PODS:
  - GCDWebServer (3.5.2):
    - GCDWebServer/Core (= 3.5.2)
  - GCDWebServer/Core (3.5.2)
  - WebLogBridge (0.0.1):
    - GCDWebServer

DEPENDENCIES:
  - WebLogBridge (from `../`)

SPEC REPOS:
  https://github.com/cocoapods/specs.git:
    - GCDWebServer

EXTERNAL SOURCES:
  WebLogBridge:
    :path: "../"

SPEC CHECKSUMS:
  GCDWebServer: ead88cd14596dd4eae4f5830b8877c87c8728990
  WebLogBridge: b5753b671e2abe8a480ff7d3f92fda436ee2181e

PODFILE CHECKSUM: 62ad925af0fe9ca3b32c633f056679d2e441bb7a

COCOAPODS: 1.6.0
